
Microsoft Visual Studio Solution File, Format Version 12.00
# Visual Studio Version 16
VisualStudioVersion = 16.0.30320.27
MinimumVisualStudioVersion = 10.0.40219.1
Project("{FAE04EC0-301F-11D3-BF4B-00C04F79EFBC}") = "EddyNewHome", "EddyNewHome\EddyNewHome.csproj", "{82AFCFC3-0713-4EA0-BEF4-0180A605E192}"
EndProject
Project("{FAE04EC0-301F-11D3-BF4B-00C04F79EFBC}") = "EddyNewHome.Test", "EddyNewHome.Test\EddyNewHome.Test.csproj", "{A5E1389E-A4F1-43A9-80E5-3C96A0CED305}"
EndProject
Global
	GlobalSection(SolutionConfigurationPlatforms) = preSolution
		Debug|Any CPU = Debug|Any CPU
		Release|Any CPU = Release|Any CPU
	EndGlobalSection
	GlobalSection(ProjectConfigurationPlatforms) = postSolution
		{82AFCFC3-0713-4EA0-BEF4-0180A605E192}.Debug|Any CPU.ActiveCfg = Debug|Any CPU
		{82AFCFC3-0713-4EA0-BEF4-0180A605E192}.Debug|Any CPU.Build.0 = Debug|Any CPU
		{82AFCFC3-0713-4EA0-BEF4-0180A605E192}.Release|Any CPU.ActiveCfg = Release|Any CPU
		{82AFCFC3-0713-4EA0-BEF4-0180A605E192}.Release|Any CPU.Build.0 = Release|Any CPU
		{A5E1389E-A4F1-43A9-80E5-3C96A0CED305}.Debug|Any CPU.ActiveCfg = Debug|Any CPU
		{A5E1389E-A4F1-43A9-80E5-3C96A0CED305}.Debug|Any CPU.Build.0 = Debug|Any CPU
		{A5E1389E-A4F1-43A9-80E5-3C96A0CED305}.Release|Any CPU.ActiveCfg = Release|Any CPU
		{A5E1389E-A4F1-43A9-80E5-3C96A0CED305}.Release|Any CPU.Build.0 = Release|Any CPU
	EndGlobalSection
	GlobalSection(SolutionProperties) = preSolution
		HideSolutionNode = FALSE
	EndGlobalSection
	GlobalSection(ExtensibilityGlobals) = postSolution
		SolutionGuid = {DA81F713-C261-4539-87A8-E6D6ED67ED8C}
	EndGlobalSection
EndGlobal
